// !$*UTF8*$!
{
	archiveVersion = 1;
	classes = {
	};
	objectVersion = 48;
	objects = {

/* Begin PBXBuildFile section */
		077AE0EE1FC6A82700DF5FAE /* AppDelegate.swift in Sources */ = {isa = PBXBuildFile; fileRef = 077AE0ED1FC6A82700DF5FAE /* AppDelegate.swift */; };
		077AE0F01FC6A82700DF5FAE /* ViewController.swift in Sources */ = {isa = PBXBuildFile; fileRef = 077AE0EF1FC6A82700DF5FAE /* ViewController.swift */; };
		077AE0F31FC6A82700DF5FAE /* Main.storyboard in Resources */ = {isa = PBXBuildFile; fileRef = 077AE0F11FC6A82700DF5FAE /* Main.storyboard */; };
		077AE0F51FC6A82700DF5FAE /* Assets.xcassets in Resources */ = {isa = PBXBuildFile; fileRef = 077AE0F41FC6A82700DF5FAE /* Assets.xcassets */; };
		077AE0F81FC6A82700DF5FAE /* LaunchScreen.storyboard in Resources */ = {isa = PBXBuildFile; fileRef = 077AE0F61FC6A82700DF5FAE /* LaunchScreen.storyboard */; };
/* End PBXBuildFile section */

/* Begin PBXFileReference section */
		077AE0EA1FC6A82700DF5FAE /* iTunesArtists.app */ = {isa = PBXFileReference; explicitFileType = wrapper.application; includeInIndex = 0; path = iTunesArtists.app; sourceTree = BUILT_PRODUCTS_DIR; };
		077AE0ED1FC6A82700DF5FAE /* AppDelegate.swift */ = {isa = PBXFileReference; lastKnownFileType = sourcecode.swift; path = AppDelegate.swift; sourceTree = "<group>"; };
		077AE0EF1FC6A82700DF5FAE /* ViewController.swift */ = {isa = PBXFileReference; lastKnownFileType = sourcecode.swift; path = ViewController.swift; sourceTree = "<group>"; };
		077AE0F21FC6A82700DF5FAE /* Base */ = {isa = PBXFileReference; lastKnownFileType = file.storyboard; name = Base; path = Base.lproj/Main.storyboard; sourceTree = "<group>"; };
		077AE0F41FC6A82700DF5FAE /* Assets.xcassets */ = {isa = PBXFileReference; lastKnownFileType = folder.assetcatalog; path = Assets.xcassets; sourceTree = "<group>"; };
		077AE0F71FC6A82700DF5FAE /* Base */ = {isa = PBXFileReference; lastKnownFileType = file.storyboard; name = Base; path = Base.lproj/LaunchScreen.storyboard; sourceTree = "<group>"; };
		077AE0F91FC6A82700DF5FAE /* Info.plist */ = {isa = PBXFileReference; lastKnownFileType = text.plist.xml; path = Info.plist; sourceTree = "<group>"; };
/* End PBXFileReference section */

/* Begin PBXFrameworksBuildPhase section */
		077AE0E71FC6A82700DF5FAE /* Frameworks */ = {
			isa = PBXFrameworksBuildPhase;
			buildActionMask = 2147483647;
			files = (
			);
			runOnlyForDeploymentPostprocessing = 0;
		};
/* End PBXFrameworksBuildPhase section */

/* Begin PBXGroup section */
		077AE0E11FC6A82700DF5FAE = {
			isa = PBXGroup;
			children = (
				077AE0EC1FC6A82700DF5FAE /* iTunesArtists */,
				077AE0EB1FC6A82700DF5FAE /* Products */,
			);
			sourceTree = "<group>";
		};
		077AE0EB1FC6A82700DF5FAE /* Products */ = {
			isa = PBXGroup;
			children = (
				077AE0EA1FC6A82700DF5FAE /* iTunesArtists.app */,
			);
			name = Products;
			sourceTree = "<group>";
		};
		077AE0EC1FC6A82700DF5FAE /* iTunesArtists */ = {
			isa = PBXGroup;
			children = (
				077AE0ED1FC6A82700DF5FAE /* AppDelegate.swift */,
				077AE0EF1FC6A82700DF5FAE /* ViewController.swift */,
				077AE0F11FC6A82700DF5FAE /* Main.storyboard */,
				077AE0F41FC6A82700DF5FAE /* Assets.xcassets */,
				077AE0F61FC6A82700DF5FAE /* LaunchScreen.storyboard */,
				077AE0F91FC6A82700DF5FAE /* Info.plist */,
			);
			path = iTunesArtists;
			sourceTree = "<group>";
		};
/* End PBXGroup section */

/* Begin PBXNativeTarget section */
		077AE0E91FC6A82700DF5FAE /* iTunesArtists */ = {
			isa = PBXNativeTarget;
			buildConfigurationList = 077AE0FC1FC6A82700DF5FAE /* Build configuration list for PBXNativeTarget "iTunesArtists" */;
			buildPhases = (
				077AE0E61FC6A82700DF5FAE /* Sources */,
				077AE0E71FC6A82700DF5FAE /* Frameworks */,
				077AE0E81FC6A82700DF5FAE /* Resources */,
			);
			buildRules = (
			);
			dependencies = (
			);
			name = iTunesArtists;
			productName = iTunesArtists;
			productReference = 077AE0EA1FC6A82700DF5FAE /* iTunesArtists.app */;
			productType = "com.apple.product-type.application";
		};
/* End PBXNativeTarget section */

/* Begin PBXProject section */
		077AE0E21FC6A82700DF5FAE /* Project object */ = {
			isa = PBXProject;
			attributes = {
				LastSwiftUpdateCheck = 0900;
				LastUpgradeCheck = 0900;
				ORGANIZATIONNAME = "Carlos López";
				TargetAttributes = {
					077AE0E91FC6A82700DF5FAE = {
						CreatedOnToolsVersion = 9.0;
						ProvisioningStyle = Automatic;
					};
				};
			};
			buildConfigurationList = 077AE0E51FC6A82700DF5FAE /* Build configuration list for PBXProject "iTunesArtists" */;
			compatibilityVersion = "Xcode 8.0";
			developmentRegion = en;
			hasScannedForEncodings = 0;
			knownRegions = (
				en,
				Base,
			);
			mainGroup = 077AE0E11FC6A82700DF5FAE;
			productRefGroup = 077AE0EB1FC6A82700DF5FAE /* Products */;
			projectDirPath = "";
			projectRoot = "";
			targets = (
				077AE0E91FC6A82700DF5FAE /* iTunesArtists */,
			);
		};
/* End PBXProject section */

/* Begin PBXResourcesBuildPhase section */
		077AE0E81FC6A82700DF5FAE /* Resources */ = {
			isa = PBXResourcesBuildPhase;
			buildActionMask = 2147483647;
			files = (
				077AE0F81FC6A82700DF5FAE /* LaunchScreen.storyboard in Resources */,
				077AE0F51FC6A82700DF5FAE /* Assets.xcassets in Resources */,
				077AE0F31FC6A82700DF5FAE /* Main.storyboard in Resources */,
			);
			runOnlyForDeploymentPostprocessing = 0;
		};
/* End PBXResourcesBuildPhase section */

/* Begin PBXSourcesBuildPhase section */
		077AE0E61FC6A82700DF5FAE /* Sources */ = {
			isa = PBXSourcesBuildPhase;
			buildActionMask = 2147483647;
			files = (
				077AE0F01FC6A82700DF5FAE /* ViewController.swift in Sources */,
				077AE0EE1FC6A82700DF5FAE /* AppDelegate.swift in Sources */,
			);
			runOnlyForDeploymentPostprocessing = 0;
		};
/* End PBXSourcesBuildPhase section */

/* Begin PBXVariantGroup section */
		077AE0F11FC6A82700DF5FAE /* Main.storyboard */ = {
			isa = PBXVariantGroup;
			children = (
				077AE0F21FC6A82700DF5FAE /* Base */,
			);
			name = Main.storyboard;
			sourceTree = "<group>";
		};
		077AE0F61FC6A82700DF5FAE /* LaunchScreen.storyboard */ = {
			isa = PBXVariantGroup;
			children = (
				077AE0F71FC6A82700DF5FAE /* Base */,
			);
			name = LaunchScreen.storyboard;
			sourceTree = "<group>";
		};
/* End PBXVariantGroup section */

/* Begin XCBuildConfiguration section */
		077AE0FA1FC6A82700DF5FAE /* Debug */ = {
			isa = XCBuildConfiguration;
			buildSettings = {
				ALWAYS_SEARCH_USER_PATHS = NO;
				CLANG_ANALYZER_NONNULL = YES;
				CLANG_ANALYZER_NUMBER_OBJECT_CONVERSION = YES_AGGRESSIVE;
				CLANG_CXX_LANGUAGE_STANDARD = "gnu++14";
				CLANG_CXX_LIBRARY = "libc++";
				CLANG_ENABLE_MODULES = YES;
				CLANG_ENABLE_OBJC_ARC = YES;
				CLANG_WARN_BLOCK_CAPTURE_AUTORELEASING = YES;
				CLANG_WARN_BOOL_CONVERSION = YES;
				CLANG_WARN_COMMA = YES;
				CLANG_WARN_CONSTANT_CONVERSION = YES;
				CLANG_WARN_DIRECT_OBJC_ISA_USAGE = YES_ERROR;
				CLANG_WARN_DOCUMENTATION_COMMENTS = YES;
				CLANG_WARN_EMPTY_BODY = YES;
				CLANG_WARN_ENUM_CONVERSION = YES;
				CLANG_WARN_INFINITE_RECURSION = YES;
				CLANG_WARN_INT_CONVERSION = YES;
				CLANG_WARN_NON_LITERAL_NULL_CONVERSION = YES;
				CLANG_WARN_OBJC_LITERAL_CONVERSION = YES;
				CLANG_WARN_OBJC_ROOT_CLASS = YES_ERROR;
				CLANG_WARN_RANGE_LOOP_ANALYSIS = YES;
				CLANG_WARN_STRICT_PROTOTYPES = YES;
				CLANG_WARN_SUSPICIOUS_MOVE = YES;
				CLANG_WARN_UNGUARDED_AVAILABILITY = YES_AGGRESSIVE;
				CLANG_WARN_UNREACHABLE_CODE = YES;
				CLANG_WARN__DUPLICATE_METHOD_MATCH = YES;
				CODE_SIGN_IDENTITY = "iPhone Developer";
				COPY_PHASE_STRIP = NO;
				DEBUG_INFORMATION_FORMAT = dwarf;
				ENABLE_STRICT_OBJC_MSGSEND = YES;
				ENABLE_TESTABILITY = YES;
				GCC_C_LANGUAGE_STANDARD = gnu11;
				GCC_DYNAMIC_NO_PIC = NO;
				GCC_NO_COMMON_BLOCKS = YES;
				GCC_OPTIMIZATION_LEVEL = 0;
				GCC_PREPROCESSOR_DEFINITIONS = (
					"DEBUG=1",
					"$(inherited)",
				);
				GCC_WARN_64_TO_32_BIT_CONVERSION = YES;
				GCC_WARN_ABOUT_RETURN_TYPE = YES_ERROR;
				GCC_WARN_UNDECLARED_SELECTOR = YES;
				GCC_WARN_UNINITIALIZED_AUTOS = YES_AGGRESSIVE;
				GCC_WARN_UNUSED_FUNCTION = YES;
				GCC_WARN_UNUSED_VARIABLE = YES;
				IPHONEOS_DEPLOYMENT_TARGET = 11.0;
				MTL_ENABLE_DEBUG_INFO = YES;
				ONLY_ACTIVE_ARCH = YES;
				SDKROOT = iphoneos;
				SWIFT_ACTIVE_COMPILATION_CONDITIONS = DEBUG;
				SWIFT_OPTIMIZATION_LEVEL = "-Onone";
			};
			name = Debug;
		};
		077AE0FB1FC6A82700DF5FAE /* Release */ = {
			isa = XCBuildConfiguration;
			buildSettings = {
				ALWAYS_SEARCH_USER_PATHS = NO;
				CLANG_ANALYZER_NONNULL = YES;
				CLANG_ANALYZER_NUMBER_OBJECT_CONVERSION = YES_AGGRESSIVE;
				CLANG_CXX_LANGUAGE_STANDARD = "gnu++14";
				CLANG_CXX_LIBRARY = "libc++";
				CLANG_ENABLE_MODULES = YES;
				CLANG_ENABLE_OBJC_ARC = YES;
				CLANG_WARN_BLOCK_CAPTURE_AUTORELEASING = YES;
				CLANG_WARN_BOOL_CONVERSION = YES;
				CLANG_WARN_COMMA = YES;
				CLANG_WARN_CONSTANT_CONVERSION = YES;
				CLANG_WARN_DIRECT_OBJC_ISA_USAGE = YES_ERROR;
				CLANG_WARN_DOCUMENTATION_COMMENTS = YES;
				CLANG_WARN_EMPTY_BODY = YES;
				CLANG_WARN_ENUM_CONVERSION = YES;
				CLANG_WARN_INFINITE_RECURSION = YES;
				CLANG_WARN_INT_CONVERSION = YES;
				CLANG_WARN_NON_LITERAL_NULL_CONVERSION = YES;
				CLANG_WARN_OBJC_LITERAL_CONVERSION = YES;
				CLANG_WARN_OBJC_ROOT_CLASS = YES_ERROR;
				CLANG_WARN_RANGE_LOOP_ANALYSIS = YES;
				CLANG_WARN_STRICT_PROTOTYPES = YES;
				CLANG_WARN_SUSPICIOUS_MOVE = YES;
				CLANG_WARN_UNGUARDED_AVAILABILITY = YES_AGGRESSIVE;
				CLANG_WARN_UNREACHABLE_CODE = YES;
				CLANG_WARN__DUPLICATE_METHOD_MATCH = YES;
				CODE_SIGN_IDENTITY = "iPhone Developer";
				COPY_PHASE_STRIP = NO;
				DEBUG_INFORMATION_FORMAT = "dwarf-with-dsym";
				ENABLE_NS_ASSERTIONS = NO;
				ENABLE_STRICT_OBJC_MSGSEND = YES;
				GCC_C_LANGUAGE_STANDARD = gnu11;
				GCC_NO_COMMON_BLOCKS = YES;
				GCC_WARN_64_TO_32_BIT_CONVERSION = YES;
				GCC_WARN_ABOUT_RETURN_TYPE = YES_ERROR;
				GCC_WARN_UNDECLARED_SELECTOR = YES;
				GCC_WARN_UNINITIALIZED_AUTOS = YES_AGGRESSIVE;
				GCC_WARN_UNUSED_FUNCTION = YES;
				GCC_WARN_UNUSED_VARIABLE = YES;
				IPHONEOS_DEPLOYMENT_TARGET = 11.0;
				MTL_ENABLE_DEBUG_INFO = NO;
				SDKROOT = iphoneos;
				SWIFT_OPTIMIZATION_LEVEL = "-Owholemodule";
				VALIDATE_PRODUCT = YES;
			};
			name = Release;
		};
		077AE0FD1FC6A82700DF5FAE /* Debug */ = {
			isa = XCBuildConfiguration;
			buildSettings = {
				ASSETCATALOG_COMPILER_APPICON_NAME = AppIcon;
				CODE_SIGN_STYLE = Automatic;
				DEVELOPMENT_TEAM = K4AWG4A8V5;
				INFOPLIST_FILE = iTunesArtists/Info.plist;
				LD_RUNPATH_SEARCH_PATHS = "$(inherited) @executable_path/Frameworks";
				PRODUCT_BUNDLE_IDENTIFIER = com.carlos.iTunesArtists;
				PRODUCT_NAME = "$(TARGET_NAME)";
				SWIFT_VERSION = 4.0;
				TARGETED_DEVICE_FAMILY = "1,2";
			};
			name = Debug;
		};
		077AE0FE1FC6A82700DF5FAE /* Release */ = {
			isa = XCBuildConfiguration;
			buildSettings = {
				ASSETCATALOG_COMPILER_APPICON_NAME = AppIcon;
				CODE_SIGN_STYLE = Automatic;
				DEVELOPMENT_TEAM = K4AWG4A8V5;
				INFOPLIST_FILE = iTunesArtists/Info.plist;
				LD_RUNPATH_SEARCH_PATHS = "$(inherited) @executable_path/Frameworks";
				PRODUCT_BUNDLE_IDENTIFIER = com.carlos.iTunesArtists;
				PRODUCT_NAME = "$(TARGET_NAME)";
				SWIFT_VERSION = 4.0;
				TARGETED_DEVICE_FAMILY = "1,2";
			};
			name = Release;
		};
/* End XCBuildConfiguration section */

/* Begin XCConfigurationList section */
		077AE0E51FC6A82700DF5FAE /* Build configuration list for PBXProject "iTunesArtists" */ = {
			isa = XCConfigurationList;
			buildConfigurations = (
				077AE0FA1FC6A82700DF5FAE /* Debug */,
				077AE0FB1FC6A82700DF5FAE /* Release */,
			);
			defaultConfigurationIsVisible = 0;
			defaultConfigurationName = Release;
		};
		077AE0FC1FC6A82700DF5FAE /* Build configuration list for PBXNativeTarget "iTunesArtists" */ = {
			isa = XCConfigurationList;
			buildConfigurations = (
				077AE0FD1FC6A82700DF5FAE /* Debug */,
				077AE0FE1FC6A82700DF5FAE /* Release */,
			);
			defaultConfigurationIsVisible = 0;
			defaultConfigurationName = Release;
		};
/* End XCConfigurationList section */
	};
	rootObject = 077AE0E21FC6A82700DF5FAE /* Project object */;
}
